
Microsoft Visual Studio Solution File, Format Version 12.00
# Visual Studio Version 16
VisualStudioVersion = 16.0.30225.117
MinimumVisualStudioVersion = 10.0.40219.1
Project("{FAE04EC0-301F-11D3-BF4B-00C04F79EFBC}") = "kata2", "kata2\kata2.csproj", "{CEA6ADB3-40BF-4302-BFBF-1AE31E1A5349}"
EndProject
Global
	GlobalSection(SolutionConfigurationPlatforms) = preSolution
		Debug|Any CPU = Debug|Any CPU
		Release|Any CPU = Release|Any CPU
	EndGlobalSection
	GlobalSection(ProjectConfigurationPlatforms) = postSolution
		{CEA6ADB3-40BF-4302-BFBF-1AE31E1A5349}.Debug|Any CPU.ActiveCfg = Debug|Any CPU
		{CEA6ADB3-40BF-4302-BFBF-1AE31E1A5349}.Debug|Any CPU.Build.0 = Debug|Any CPU
		{CEA6ADB3-40BF-4302-BFBF-1AE31E1A5349}.Release|Any CPU.ActiveCfg = Release|Any CPU
		{CEA6ADB3-40BF-4302-BFBF-1AE31E1A5349}.Release|Any CPU.Build.0 = Release|Any CPU
	EndGlobalSection
	GlobalSection(SolutionProperties) = preSolution
		HideSolutionNode = FALSE
	EndGlobalSection
	GlobalSection(ExtensibilityGlobals) = postSolution
		SolutionGuid = {4CFCFEC4-9982-4480-9F8E-C10B9A2220CB}
	EndGlobalSection
EndGlobal
